// !$*UTF8*$!
{
	archiveVersion = 1;
	classes = {
	};
	objectVersion = 51;
	objects = {

/* Begin PBXBuildFile section */
		699C744B778140BC07237698 /* Pods_MenuSideApp.framework in Frameworks */ = {isa = PBXBuildFile; fileRef = 1D9C74F945D8CE72F4BB9483 /* Pods_MenuSideApp.framework */; };
		C11EC26B26C96B49003C5579 /* AppDelegate.swift in Sources */ = {isa = PBXBuildFile; fileRef = C11EC26A26C96B49003C5579 /* AppDelegate.swift */; };
		C11EC26D26C96B49003C5579 /* SceneDelegate.swift in Sources */ = {isa = PBXBuildFile; fileRef = C11EC26C26C96B49003C5579 /* SceneDelegate.swift */; };
		C11EC26F26C96B49003C5579 /* ViewController.swift in Sources */ = {isa = PBXBuildFile; fileRef = C11EC26E26C96B49003C5579 /* ViewController.swift */; };
		C11EC27226C96B49003C5579 /* Main.storyboard in Resources */ = {isa = PBXBuildFile; fileRef = C11EC27026C96B49003C5579 /* Main.storyboard */; };
		C11EC27426C96B57003C5579 /* Assets.xcassets in Resources */ = {isa = PBXBuildFile; fileRef = C11EC27326C96B57003C5579 /* Assets.xcassets */; };
		C11EC27726C96B57003C5579 /* LaunchScreen.storyboard in Resources */ = {isa = PBXBuildFile; fileRef = C11EC27526C96B57003C5579 /* LaunchScreen.storyboard */; };
		C18BC41C26CD242B005B9AF6 /* CellModel.swift in Sources */ = {isa = PBXBuildFile; fileRef = C18BC41B26CD242B005B9AF6 /* CellModel.swift */; };
		C18BC41F26CD2FD7005B9AF6 /* SettingsViewController.swift in Sources */ = {isa = PBXBuildFile; fileRef = C18BC41E26CD2FD6005B9AF6 /* SettingsViewController.swift */; };
		C18BC42226CD54DF005B9AF6 /* Alert.swift in Sources */ = {isa = PBXBuildFile; fileRef = C18BC42126CD54DF005B9AF6 /* Alert.swift */; };
		C197D9EE26CA6E1B0045B7E1 /* MenuViewController.swift in Sources */ = {isa = PBXBuildFile; fileRef = C197D9ED26CA6E1B0045B7E1 /* MenuViewController.swift */; };
		C197D9F126CA6F9C0045B7E1 /* MenuTableViewCell.swift in Sources */ = {isa = PBXBuildFile; fileRef = C197D9F026CA6F9C0045B7E1 /* MenuTableViewCell.swift */; };
/* End PBXBuildFile section */

/* Begin PBXFileReference section */
		1D9C74F945D8CE72F4BB9483 /* Pods_MenuSideApp.framework */ = {isa = PBXFileReference; explicitFileType = wrapper.framework; includeInIndex = 0; path = Pods_MenuSideApp.framework; sourceTree = BUILT_PRODUCTS_DIR; };
		7B59F89E520720E22B672C33 /* Pods-MenuSideApp.release.xcconfig */ = {isa = PBXFileReference; includeInIndex = 1; lastKnownFileType = text.xcconfig; name = "Pods-MenuSideApp.release.xcconfig"; path = "Target Support Files/Pods-MenuSideApp/Pods-MenuSideApp.release.xcconfig"; sourceTree = "<group>"; };
		C11EC26726C96B48003C5579 /* MenuSideApp.app */ = {isa = PBXFileReference; explicitFileType = wrapper.application; includeInIndex = 0; path = MenuSideApp.app; sourceTree = BUILT_PRODUCTS_DIR; };
		C11EC26A26C96B49003C5579 /* AppDelegate.swift */ = {isa = PBXFileReference; lastKnownFileType = sourcecode.swift; path = AppDelegate.swift; sourceTree = "<group>"; };
		C11EC26C26C96B49003C5579 /* SceneDelegate.swift */ = {isa = PBXFileReference; lastKnownFileType = sourcecode.swift; path = SceneDelegate.swift; sourceTree = "<group>"; };
		C11EC26E26C96B49003C5579 /* ViewController.swift */ = {isa = PBXFileReference; lastKnownFileType = sourcecode.swift; path = ViewController.swift; sourceTree = "<group>"; };
		C11EC27126C96B49003C5579 /* Base */ = {isa = PBXFileReference; lastKnownFileType = file.storyboard; name = Base; path = Base.lproj/Main.storyboard; sourceTree = "<group>"; };
		C11EC27326C96B57003C5579 /* Assets.xcassets */ = {isa = PBXFileReference; lastKnownFileType = folder.assetcatalog; path = Assets.xcassets; sourceTree = "<group>"; };
		C11EC27626C96B57003C5579 /* Base */ = {isa = PBXFileReference; lastKnownFileType = file.storyboard; name = Base; path = Base.lproj/LaunchScreen.storyboard; sourceTree = "<group>"; };
		C11EC27826C96B57003C5579 /* Info.plist */ = {isa = PBXFileReference; lastKnownFileType = text.plist.xml; path = Info.plist; sourceTree = "<group>"; };
		C18BC41B26CD242B005B9AF6 /* CellModel.swift */ = {isa = PBXFileReference; lastKnownFileType = sourcecode.swift; path = CellModel.swift; sourceTree = "<group>"; };
		C18BC41E26CD2FD6005B9AF6 /* SettingsViewController.swift */ = {isa = PBXFileReference; lastKnownFileType = sourcecode.swift; path = SettingsViewController.swift; sourceTree = "<group>"; };
		C18BC42126CD54DF005B9AF6 /* Alert.swift */ = {isa = PBXFileReference; lastKnownFileType = sourcecode.swift; path = Alert.swift; sourceTree = "<group>"; };
		C197D9ED26CA6E1B0045B7E1 /* MenuViewController.swift */ = {isa = PBXFileReference; lastKnownFileType = sourcecode.swift; path = MenuViewController.swift; sourceTree = "<group>"; };
		C197D9F026CA6F9C0045B7E1 /* MenuTableViewCell.swift */ = {isa = PBXFileReference; lastKnownFileType = sourcecode.swift; path = MenuTableViewCell.swift; sourceTree = "<group>"; };
		DCA580910F5FC463CE53E7F7 /* Pods-MenuSideApp.debug.xcconfig */ = {isa = PBXFileReference; includeInIndex = 1; lastKnownFileType = text.xcconfig; name = "Pods-MenuSideApp.debug.xcconfig"; path = "Target Support Files/Pods-MenuSideApp/Pods-MenuSideApp.debug.xcconfig"; sourceTree = "<group>"; };
/* End PBXFileReference section */

/* Begin PBXFrameworksBuildPhase section */
		C11EC26426C96B48003C5579 /* Frameworks */ = {
			isa = PBXFrameworksBuildPhase;
			buildActionMask = 2147483647;
			files = (
				699C744B778140BC07237698 /* Pods_MenuSideApp.framework in Frameworks */,
			);
			runOnlyForDeploymentPostprocessing = 0;
		};
/* End PBXFrameworksBuildPhase section */

/* Begin PBXGroup section */
		11C14A156EDA51D99F5429C9 /* Frameworks */ = {
			isa = PBXGroup;
			children = (
				1D9C74F945D8CE72F4BB9483 /* Pods_MenuSideApp.framework */,
			);
			name = Frameworks;
			sourceTree = "<group>";
		};
		C11EC25E26C96B48003C5579 = {
			isa = PBXGroup;
			children = (
				C11EC26926C96B48003C5579 /* MenuSideApp */,
				C11EC26826C96B48003C5579 /* Products */,
				C7526090EF02F2DE86BA4AF3 /* Pods */,
				11C14A156EDA51D99F5429C9 /* Frameworks */,
			);
			sourceTree = "<group>";
		};
		C11EC26826C96B48003C5579 /* Products */ = {
			isa = PBXGroup;
			children = (
				C11EC26726C96B48003C5579 /* MenuSideApp.app */,
			);
			name = Products;
			sourceTree = "<group>";
		};
		C11EC26926C96B48003C5579 /* MenuSideApp */ = {
			isa = PBXGroup;
			children = (
				C11EC26A26C96B49003C5579 /* AppDelegate.swift */,
				C11EC26C26C96B49003C5579 /* SceneDelegate.swift */,
				C11EC26E26C96B49003C5579 /* ViewController.swift */,
				C11EC27026C96B49003C5579 /* Main.storyboard */,
				C11EC27326C96B57003C5579 /* Assets.xcassets */,
				C11EC27526C96B57003C5579 /* LaunchScreen.storyboard */,
				C11EC27826C96B57003C5579 /* Info.plist */,
				C197D9ED26CA6E1B0045B7E1 /* MenuViewController.swift */,
				C197D9F026CA6F9C0045B7E1 /* MenuTableViewCell.swift */,
				C18BC41B26CD242B005B9AF6 /* CellModel.swift */,
				C18BC41E26CD2FD6005B9AF6 /* SettingsViewController.swift */,
				C18BC42126CD54DF005B9AF6 /* Alert.swift */,
			);
			path = MenuSideApp;
			sourceTree = "<group>";
		};
		C7526090EF02F2DE86BA4AF3 /* Pods */ = {
			isa = PBXGroup;
			children = (
				DCA580910F5FC463CE53E7F7 /* Pods-MenuSideApp.debug.xcconfig */,
				7B59F89E520720E22B672C33 /* Pods-MenuSideApp.release.xcconfig */,
			);
			path = Pods;
			sourceTree = "<group>";
		};
/* End PBXGroup section */

/* Begin PBXNativeTarget section */
		C11EC26626C96B48003C5579 /* MenuSideApp */ = {
			isa = PBXNativeTarget;
			buildConfigurationList = C11EC27B26C96B57003C5579 /* Build configuration list for PBXNativeTarget "MenuSideApp" */;
			buildPhases = (
				1C803F2313AF950761BCE57D /* [CP] Check Pods Manifest.lock */,
				C11EC26326C96B48003C5579 /* Sources */,
				C11EC26426C96B48003C5579 /* Frameworks */,
				C11EC26526C96B48003C5579 /* Resources */,
				DDE21DBB7888F5EA86DEC681 /* [CP] Embed Pods Frameworks */,
			);
			buildRules = (
			);
			dependencies = (
			);
			name = MenuSideApp;
			productName = MenuSideApp;
			productReference = C11EC26726C96B48003C5579 /* MenuSideApp.app */;
			productType = "com.apple.product-type.application";
		};
/* End PBXNativeTarget section */

/* Begin PBXProject section */
		C11EC25F26C96B48003C5579 /* Project object */ = {
			isa = PBXProject;
			attributes = {
				LastSwiftUpdateCheck = 1230;
				LastUpgradeCheck = 1230;
				TargetAttributes = {
					C11EC26626C96B48003C5579 = {
						CreatedOnToolsVersion = 12.3;
					};
				};
			};
			buildConfigurationList = C11EC26226C96B48003C5579 /* Build configuration list for PBXProject "MenuSideApp" */;
			compatibilityVersion = "Xcode 9.3";
			developmentRegion = en;
			hasScannedForEncodings = 0;
			knownRegions = (
				en,
				Base,
			);
			mainGroup = C11EC25E26C96B48003C5579;
			productRefGroup = C11EC26826C96B48003C5579 /* Products */;
			projectDirPath = "";
			projectRoot = "";
			targets = (
				C11EC26626C96B48003C5579 /* MenuSideApp */,
			);
		};
/* End PBXProject section */

/* Begin PBXResourcesBuildPhase section */
		C11EC26526C96B48003C5579 /* Resources */ = {
			isa = PBXResourcesBuildPhase;
			buildActionMask = 2147483647;
			files = (
				C11EC27726C96B57003C5579 /* LaunchScreen.storyboard in Resources */,
				C11EC27426C96B57003C5579 /* Assets.xcassets in Resources */,
				C11EC27226C96B49003C5579 /* Main.storyboard in Resources */,
			);
			runOnlyForDeploymentPostprocessing = 0;
		};
/* End PBXResourcesBuildPhase section */

/* Begin PBXShellScriptBuildPhase section */
		1C803F2313AF950761BCE57D /* [CP] Check Pods Manifest.lock */ = {
			isa = PBXShellScriptBuildPhase;
			buildActionMask = 2147483647;
			files = (
			);
			inputFileListPaths = (
			);
			inputPaths = (
				"${PODS_PODFILE_DIR_PATH}/Podfile.lock",
				"${PODS_ROOT}/Manifest.lock",
			);
			name = "[CP] Check Pods Manifest.lock";
			outputFileListPaths = (
			);
			outputPaths = (
				"$(DERIVED_FILE_DIR)/Pods-MenuSideApp-checkManifestLockResult.txt",
			);
			runOnlyForDeploymentPostprocessing = 0;
			shellPath = /bin/sh;
			shellScript = "diff \"${PODS_PODFILE_DIR_PATH}/Podfile.lock\" \"${PODS_ROOT}/Manifest.lock\" > /dev/null\nif [ $? != 0 ] ; then\n    # print error to STDERR\n    echo \"error: The sandbox is not in sync with the Podfile.lock. Run 'pod install' or update your CocoaPods installation.\" >&2\n    exit 1\nfi\n# This output is used by Xcode 'outputs' to avoid re-running this script phase.\necho \"SUCCESS\" > \"${SCRIPT_OUTPUT_FILE_0}\"\n";
			showEnvVarsInLog = 0;
		};
		DDE21DBB7888F5EA86DEC681 /* [CP] Embed Pods Frameworks */ = {
			isa = PBXShellScriptBuildPhase;
			buildActionMask = 2147483647;
			files = (
			);
			inputFileListPaths = (
				"${PODS_ROOT}/Target Support Files/Pods-MenuSideApp/Pods-MenuSideApp-frameworks-${CONFIGURATION}-input-files.xcfilelist",
			);
			name = "[CP] Embed Pods Frameworks";
			outputFileListPaths = (
				"${PODS_ROOT}/Target Support Files/Pods-MenuSideApp/Pods-MenuSideApp-frameworks-${CONFIGURATION}-output-files.xcfilelist",
			);
			runOnlyForDeploymentPostprocessing = 0;
			shellPath = /bin/sh;
			shellScript = "\"${PODS_ROOT}/Target Support Files/Pods-MenuSideApp/Pods-MenuSideApp-frameworks.sh\"\n";
			showEnvVarsInLog = 0;
		};
/* End PBXShellScriptBuildPhase section */

/* Begin PBXSourcesBuildPhase section */
		C11EC26326C96B48003C5579 /* Sources */ = {
			isa = PBXSourcesBuildPhase;
			buildActionMask = 2147483647;
			files = (
				C11EC26F26C96B49003C5579 /* ViewController.swift in Sources */,
				C11EC26B26C96B49003C5579 /* AppDelegate.swift in Sources */,
				C18BC41F26CD2FD7005B9AF6 /* SettingsViewController.swift in Sources */,
				C11EC26D26C96B49003C5579 /* SceneDelegate.swift in Sources */,
				C18BC41C26CD242B005B9AF6 /* CellModel.swift in Sources */,
				C197D9EE26CA6E1B0045B7E1 /* MenuViewController.swift in Sources */,
				C18BC42226CD54DF005B9AF6 /* Alert.swift in Sources */,
				C197D9F126CA6F9C0045B7E1 /* MenuTableViewCell.swift in Sources */,
			);
			runOnlyForDeploymentPostprocessing = 0;
		};
/* End PBXSourcesBuildPhase section */

/* Begin PBXVariantGroup section */
		C11EC27026C96B49003C5579 /* Main.storyboard */ = {
			isa = PBXVariantGroup;
			children = (
				C11EC27126C96B49003C5579 /* Base */,
			);
			name = Main.storyboard;
			sourceTree = "<group>";
		};
		C11EC27526C96B57003C5579 /* LaunchScreen.storyboard */ = {
			isa = PBXVariantGroup;
			children = (
				C11EC27626C96B57003C5579 /* Base */,
			);
			name = LaunchScreen.storyboard;
			sourceTree = "<group>";
		};
/* End PBXVariantGroup section */

/* Begin XCBuildConfiguration section */
		C11EC27926C96B57003C5579 /* Debug */ = {
			isa = XCBuildConfiguration;
			buildSettings = {
				ALWAYS_SEARCH_USER_PATHS = NO;
				CLANG_ANALYZER_NONNULL = YES;
				CLANG_ANALYZER_NUMBER_OBJECT_CONVERSION = YES_AGGRESSIVE;
				CLANG_CXX_LANGUAGE_STANDARD = "gnu++14";
				CLANG_CXX_LIBRARY = "libc++";
				CLANG_ENABLE_MODULES = YES;
				CLANG_ENABLE_OBJC_ARC = YES;
				CLANG_ENABLE_OBJC_WEAK = YES;
				CLANG_WARN_BLOCK_CAPTURE_AUTORELEASING = YES;
				CLANG_WARN_BOOL_CONVERSION = YES;
				CLANG_WARN_COMMA = YES;
				CLANG_WARN_CONSTANT_CONVERSION = YES;
				CLANG_WARN_DEPRECATED_OBJC_IMPLEMENTATIONS = YES;
				CLANG_WARN_DIRECT_OBJC_ISA_USAGE = YES_ERROR;
				CLANG_WARN_DOCUMENTATION_COMMENTS = YES;
				CLANG_WARN_EMPTY_BODY = YES;
				CLANG_WARN_ENUM_CONVERSION = YES;
				CLANG_WARN_INFINITE_RECURSION = YES;
				CLANG_WARN_INT_CONVERSION = YES;
				CLANG_WARN_NON_LITERAL_NULL_CONVERSION = YES;
				CLANG_WARN_OBJC_IMPLICIT_RETAIN_SELF = YES;
				CLANG_WARN_OBJC_LITERAL_CONVERSION = YES;
				CLANG_WARN_OBJC_ROOT_CLASS = YES_ERROR;
				CLANG_WARN_QUOTED_INCLUDE_IN_FRAMEWORK_HEADER = YES;
				CLANG_WARN_RANGE_LOOP_ANALYSIS = YES;
				CLANG_WARN_STRICT_PROTOTYPES = YES;
				CLANG_WARN_SUSPICIOUS_MOVE = YES;
				CLANG_WARN_UNGUARDED_AVAILABILITY = YES_AGGRESSIVE;
				CLANG_WARN_UNREACHABLE_CODE = YES;
				CLANG_WARN__DUPLICATE_METHOD_MATCH = YES;
				COPY_PHASE_STRIP = NO;
				DEBUG_INFORMATION_FORMAT = dwarf;
				ENABLE_STRICT_OBJC_MSGSEND = YES;
				ENABLE_TESTABILITY = YES;
				GCC_C_LANGUAGE_STANDARD = gnu11;
				GCC_DYNAMIC_NO_PIC = NO;
				GCC_NO_COMMON_BLOCKS = YES;
				GCC_OPTIMIZATION_LEVEL = 0;
				GCC_PREPROCESSOR_DEFINITIONS = (
					"DEBUG=1",
					"$(inherited)",
				);
				GCC_WARN_64_TO_32_BIT_CONVERSION = YES;
				GCC_WARN_ABOUT_RETURN_TYPE = YES_ERROR;
				GCC_WARN_UNDECLARED_SELECTOR = YES;
				GCC_WARN_UNINITIALIZED_AUTOS = YES_AGGRESSIVE;
				GCC_WARN_UNUSED_FUNCTION = YES;
				GCC_WARN_UNUSED_VARIABLE = YES;
				IPHONEOS_DEPLOYMENT_TARGET = 14.3;
				MTL_ENABLE_DEBUG_INFO = INCLUDE_SOURCE;
				MTL_FAST_MATH = YES;
				ONLY_ACTIVE_ARCH = YES;
				SDKROOT = iphoneos;
				SWIFT_ACTIVE_COMPILATION_CONDITIONS = DEBUG;
				SWIFT_OPTIMIZATION_LEVEL = "-Onone";
			};
			name = Debug;
		};
		C11EC27A26C96B57003C5579 /* Release */ = {
			isa = XCBuildConfiguration;
			buildSettings = {
				ALWAYS_SEARCH_USER_PATHS = NO;
				CLANG_ANALYZER_NONNULL = YES;
				CLANG_ANALYZER_NUMBER_OBJECT_CONVERSION = YES_AGGRESSIVE;
				CLANG_CXX_LANGUAGE_STANDARD = "gnu++14";
				CLANG_CXX_LIBRARY = "libc++";
				CLANG_ENABLE_MODULES = YES;
				CLANG_ENABLE_OBJC_ARC = YES;
				CLANG_ENABLE_OBJC_WEAK = YES;
				CLANG_WARN_BLOCK_CAPTURE_AUTORELEASING = YES;
				CLANG_WARN_BOOL_CONVERSION = YES;
				CLANG_WARN_COMMA = YES;
				CLANG_WARN_CONSTANT_CONVERSION = YES;
				CLANG_WARN_DEPRECATED_OBJC_IMPLEMENTATIONS = YES;
				CLANG_WARN_DIRECT_OBJC_ISA_USAGE = YES_ERROR;
				CLANG_WARN_DOCUMENTATION_COMMENTS = YES;
				CLANG_WARN_EMPTY_BODY = YES;
				CLANG_WARN_ENUM_CONVERSION = YES;
				CLANG_WARN_INFINITE_RECURSION = YES;
				CLANG_WARN_INT_CONVERSION = YES;
				CLANG_WARN_NON_LITERAL_NULL_CONVERSION = YES;
				CLANG_WARN_OBJC_IMPLICIT_RETAIN_SELF = YES;
				CLANG_WARN_OBJC_LITERAL_CONVERSION = YES;
				CLANG_WARN_OBJC_ROOT_CLASS = YES_ERROR;
				CLANG_WARN_QUOTED_INCLUDE_IN_FRAMEWORK_HEADER = YES;
				CLANG_WARN_RANGE_LOOP_ANALYSIS = YES;
				CLANG_WARN_STRICT_PROTOTYPES = YES;
				CLANG_WARN_SUSPICIOUS_MOVE = YES;
				CLANG_WARN_UNGUARDED_AVAILABILITY = YES_AGGRESSIVE;
				CLANG_WARN_UNREACHABLE_CODE = YES;
				CLANG_WARN__DUPLICATE_METHOD_MATCH = YES;
				COPY_PHASE_STRIP = NO;
				DEBUG_INFORMATION_FORMAT = "dwarf-with-dsym";
				ENABLE_NS_ASSERTIONS = NO;
				ENABLE_STRICT_OBJC_MSGSEND = YES;
				GCC_C_LANGUAGE_STANDARD = gnu11;
				GCC_NO_COMMON_BLOCKS = YES;
				GCC_WARN_64_TO_32_BIT_CONVERSION = YES;
				GCC_WARN_ABOUT_RETURN_TYPE = YES_ERROR;
				GCC_WARN_UNDECLARED_SELECTOR = YES;
				GCC_WARN_UNINITIALIZED_AUTOS = YES_AGGRESSIVE;
				GCC_WARN_UNUSED_FUNCTION = YES;
				GCC_WARN_UNUSED_VARIABLE = YES;
				IPHONEOS_DEPLOYMENT_TARGET = 14.3;
				MTL_ENABLE_DEBUG_INFO = NO;
				MTL_FAST_MATH = YES;
				SDKROOT = iphoneos;
				SWIFT_COMPILATION_MODE = wholemodule;
				SWIFT_OPTIMIZATION_LEVEL = "-O";
				VALIDATE_PRODUCT = YES;
			};
			name = Release;
		};
		C11EC27C26C96B57003C5579 /* Debug */ = {
			isa = XCBuildConfiguration;
			baseConfigurationReference = DCA580910F5FC463CE53E7F7 /* Pods-MenuSideApp.debug.xcconfig */;
			buildSettings = {
				ASSETCATALOG_COMPILER_APPICON_NAME = AppIcon;
				ASSETCATALOG_COMPILER_GLOBAL_ACCENT_COLOR_NAME = AccentColor;
				CODE_SIGN_STYLE = Automatic;
				DEVELOPMENT_TEAM = 4KTR48B6M5;
				INFOPLIST_FILE = MenuSideApp/Info.plist;
				LD_RUNPATH_SEARCH_PATHS = (
					"$(inherited)",
					"@executable_path/Frameworks",
				);
				PRODUCT_BUNDLE_IDENTIFIER = enesYavuz.MenuSideApp;
				PRODUCT_NAME = "$(TARGET_NAME)";
				SWIFT_VERSION = 5.0;
				TARGETED_DEVICE_FAMILY = "1,2";
			};
			name = Debug;
		};
		C11EC27D26C96B57003C5579 /* Release */ = {
			isa = XCBuildConfiguration;
			baseConfigurationReference = 7B59F89E520720E22B672C33 /* Pods-MenuSideApp.release.xcconfig */;
			buildSettings = {
				ASSETCATALOG_COMPILER_APPICON_NAME = AppIcon;
				ASSETCATALOG_COMPILER_GLOBAL_ACCENT_COLOR_NAME = AccentColor;
				CODE_SIGN_STYLE = Automatic;
				DEVELOPMENT_TEAM = 4KTR48B6M5;
				INFOPLIST_FILE = MenuSideApp/Info.plist;
				LD_RUNPATH_SEARCH_PATHS = (
					"$(inherited)",
					"@executable_path/Frameworks",
				);
				PRODUCT_BUNDLE_IDENTIFIER = enesYavuz.MenuSideApp;
				PRODUCT_NAME = "$(TARGET_NAME)";
				SWIFT_VERSION = 5.0;
				TARGETED_DEVICE_FAMILY = "1,2";
			};
			name = Release;
		};
/* End XCBuildConfiguration section */

/* Begin XCConfigurationList section */
		C11EC26226C96B48003C5579 /* Build configuration list for PBXProject "MenuSideApp" */ = {
			isa = XCConfigurationList;
			buildConfigurations = (
				C11EC27926C96B57003C5579 /* Debug */,
				C11EC27A26C96B57003C5579 /* Release */,
			);
			defaultConfigurationIsVisible = 0;
			defaultConfigurationName = Release;
		};
		C11EC27B26C96B57003C5579 /* Build configuration list for PBXNativeTarget "MenuSideApp" */ = {
			isa = XCConfigurationList;
			buildConfigurations = (
				C11EC27C26C96B57003C5579 /* Debug */,
				C11EC27D26C96B57003C5579 /* Release */,
			);
			defaultConfigurationIsVisible = 0;
			defaultConfigurationName = Release;
		};
/* End XCConfigurationList section */
	};
	rootObject = C11EC25F26C96B48003C5579 /* Project object */;
}
